{
  "nodes": {
    "nixpkgs": {
      "locked": {
        "lastModified": 1670193339,
        "narHash": "sha256-oHTAhX4p6+uxcabq0rKL4EyKWPbDLGKec88ocPIU/2Y=",
        "path": "/nix/store/wcdlf9yy8bgms9jlm1x9lb8vyv5w14h1-source",
        "rev": "e169cf5b3b1e6cc4a25ff15087c2621605f83409",
        "type": "path"
      },
      "original": {
        "id": "nixpkgs",
        "type": "indirect"
      }
    },
    "root": {
      "inputs": {
        "nixpkgs": "nixpkgs"
      }
    }
  },
  "root": "root",
  "version": 7
}
